
Microsoft Visual Studio Solution File, Format Version 12.00
# Visual Studio Version 17
VisualStudioVersion = 17.0.31912.275
MinimumVisualStudioVersion = 10.0.40219.1
Project("{FAE04EC0-301F-11D3-BF4B-00C04F79EFBC}") = "WindowsFormsApp20231031-2", "WindowsFormsApp20231031-2\WindowsFormsApp20231031-2.csproj", "{9876FFD8-3579-4427-9D33-9B02B2859429}"
EndProject
Global
	GlobalSection(SolutionConfigurationPlatforms) = preSolution
		Debug|Any CPU = Debug|Any CPU
		Release|Any CPU = Release|Any CPU
	EndGlobalSection
	GlobalSection(ProjectConfigurationPlatforms) = postSolution
		{9876FFD8-3579-4427-9D33-9B02B2859429}.Debug|Any CPU.ActiveCfg = Debug|Any CPU
		{9876FFD8-3579-4427-9D33-9B02B2859429}.Debug|Any CPU.Build.0 = Debug|Any CPU
		{9876FFD8-3579-4427-9D33-9B02B2859429}.Release|Any CPU.ActiveCfg = Release|Any CPU
		{9876FFD8-3579-4427-9D33-9B02B2859429}.Release|Any CPU.Build.0 = Release|Any CPU
	EndGlobalSection
	GlobalSection(SolutionProperties) = preSolution
		HideSolutionNode = FALSE
	EndGlobalSection
	GlobalSection(ExtensibilityGlobals) = postSolution
		SolutionGuid = {B83C0A9C-A59A-4F3B-826A-261B76ED8759}
	EndGlobalSection
EndGlobal
